{
  "name": "twoclubs-common",
  "version": "0.0.1",
  "lockfileVersion": 1,
  "requires": true,
  "dependencies": {
    "@types/node": {
      "version": "16.11.17",
      "resolved": "https://registry.npmjs.org/@types/node/-/node-16.11.17.tgz",
      "integrity": "sha512-C1vTZME8cFo8uxY2ui41xcynEotVkczIVI5AjLmy5pkpBv/FtG+jhtOlfcPysI8VRVwoOMv6NJm44LGnoMSWkw==",
      "dev": true
    },
    "@types/shuffle-array": {
      "version": "1.0.2",
      "resolved": "https://registry.npmjs.org/@types/shuffle-array/-/shuffle-array-1.0.2.tgz",
      "integrity": "sha512-X8AFrn+D86HFJKer0n2qbG67jHMB4f/QxG28hvNHiouAn84QHVxhuCgGict5djhKP9GZPH2TjCxzf54khqawzQ==",
      "dev": true
    },
    "shuffle-array": {
      "version": "1.0.1",
      "resolved": "https://registry.npmjs.org/shuffle-array/-/shuffle-array-1.0.1.tgz",
      "integrity": "sha1-xP88/nTRb5NzBZIwGyXmV3sSiYs="
    }
  }
}
